
Microsoft Visual Studio Solution File, Format Version 12.00
# Visual Studio 15
VisualStudioVersion = 15.0.28307.779
MinimumVisualStudioVersion = 10.0.40219.1
Project("{00D1A9C2-B5F0-4AF3-8072-F6C62B433612}") = "SO_QuickBooks", "SO_QuickBooks.sqlproj", "{683A59BB-9B73-478F-96D7-E96CCD14F06D}"
EndProject
Project("{00D1A9C2-B5F0-4AF3-8072-F6C62B433612}") = "GLF_Alteryx", "Database2\GLF_Alteryx.sqlproj", "{27708E52-D6BB-4AFD-BC2F-A16C73EAB35B}"
EndProject
Global
	GlobalSection(SolutionConfigurationPlatforms) = preSolution
		Debug|Any CPU = Debug|Any CPU
		Release|Any CPU = Release|Any CPU
	EndGlobalSection
	GlobalSection(ProjectConfigurationPlatforms) = postSolution
		{683A59BB-9B73-478F-96D7-E96CCD14F06D}.Debug|Any CPU.ActiveCfg = Debug|Any CPU
		{683A59BB-9B73-478F-96D7-E96CCD14F06D}.Debug|Any CPU.Build.0 = Debug|Any CPU
		{683A59BB-9B73-478F-96D7-E96CCD14F06D}.Debug|Any CPU.Deploy.0 = Debug|Any CPU
		{683A59BB-9B73-478F-96D7-E96CCD14F06D}.Release|Any CPU.ActiveCfg = Release|Any CPU
		{683A59BB-9B73-478F-96D7-E96CCD14F06D}.Release|Any CPU.Build.0 = Release|Any CPU
		{683A59BB-9B73-478F-96D7-E96CCD14F06D}.Release|Any CPU.Deploy.0 = Release|Any CPU
		{27708E52-D6BB-4AFD-BC2F-A16C73EAB35B}.Debug|Any CPU.ActiveCfg = Debug|Any CPU
		{27708E52-D6BB-4AFD-BC2F-A16C73EAB35B}.Debug|Any CPU.Build.0 = Debug|Any CPU
		{27708E52-D6BB-4AFD-BC2F-A16C73EAB35B}.Debug|Any CPU.Deploy.0 = Debug|Any CPU
		{27708E52-D6BB-4AFD-BC2F-A16C73EAB35B}.Release|Any CPU.ActiveCfg = Release|Any CPU
		{27708E52-D6BB-4AFD-BC2F-A16C73EAB35B}.Release|Any CPU.Build.0 = Release|Any CPU
		{27708E52-D6BB-4AFD-BC2F-A16C73EAB35B}.Release|Any CPU.Deploy.0 = Release|Any CPU
	EndGlobalSection
	GlobalSection(SolutionProperties) = preSolution
		HideSolutionNode = FALSE
	EndGlobalSection
	GlobalSection(ExtensibilityGlobals) = postSolution
		SolutionGuid = {7F08739D-A6F7-4E46-9A64-8D76292C98DF}
	EndGlobalSection
EndGlobal
